
Microsoft Visual Studio Solution File, Format Version 12.00
# Visual Studio Version 16
VisualStudioVersion = 16.0.30804.86
MinimumVisualStudioVersion = 10.0.40219.1
Project("{FAE04EC0-301F-11D3-BF4B-00C04F79EFBC}") = "ghh", "ghh\ghh.csproj", "{4DF44AF0-5846-48FC-A4DF-F2AB374E9DA2}"
EndProject
Global
	GlobalSection(SolutionConfigurationPlatforms) = preSolution
		Debug|Any CPU = Debug|Any CPU
		Release|Any CPU = Release|Any CPU
	EndGlobalSection
	GlobalSection(ProjectConfigurationPlatforms) = postSolution
		{4DF44AF0-5846-48FC-A4DF-F2AB374E9DA2}.Debug|Any CPU.ActiveCfg = Debug|Any CPU
		{4DF44AF0-5846-48FC-A4DF-F2AB374E9DA2}.Debug|Any CPU.Build.0 = Debug|Any CPU
		{4DF44AF0-5846-48FC-A4DF-F2AB374E9DA2}.Release|Any CPU.ActiveCfg = Release|Any CPU
		{4DF44AF0-5846-48FC-A4DF-F2AB374E9DA2}.Release|Any CPU.Build.0 = Release|Any CPU
	EndGlobalSection
	GlobalSection(SolutionProperties) = preSolution
		HideSolutionNode = FALSE
	EndGlobalSection
	GlobalSection(ExtensibilityGlobals) = postSolution
		SolutionGuid = {9B2425C6-D3E3-41FF-B005-3E2FF10ABD75}
	EndGlobalSection
EndGlobal
