
Microsoft Visual Studio Solution File, Format Version 12.00
# Visual Studio Version 16
VisualStudioVersion = 16.0.29905.134
MinimumVisualStudioVersion = 10.0.40219.1
Project("{8BC9CEB8-8B4A-11D0-8D11-00A0C91BC942}") = "dinamikmemoe", "dinamikmemoe\dinamikmemoe.vcxproj", "{B9F24034-17CF-45D7-8EB5-7E20D487253B}"
EndProject
Project("{8BC9CEB8-8B4A-11D0-8D11-00A0C91BC942}") = "evennOddArreys", "evennOddArreys\evennOddArreys.vcxproj", "{1CEF1139-F267-4F6D-97B9-89D13ADA1A71}"
EndProject
Global
	GlobalSection(SolutionConfigurationPlatforms) = preSolution
		Debug|x64 = Debug|x64
		Debug|x86 = Debug|x86
		Release|x64 = Release|x64
		Release|x86 = Release|x86
	EndGlobalSection
	GlobalSection(ProjectConfigurationPlatforms) = postSolution
		{B9F24034-17CF-45D7-8EB5-7E20D487253B}.Debug|x64.ActiveCfg = Debug|x64
		{B9F24034-17CF-45D7-8EB5-7E20D487253B}.Debug|x64.Build.0 = Debug|x64
		{B9F24034-17CF-45D7-8EB5-7E20D487253B}.Debug|x86.ActiveCfg = Debug|Win32
		{B9F24034-17CF-45D7-8EB5-7E20D487253B}.Debug|x86.Build.0 = Debug|Win32
		{B9F24034-17CF-45D7-8EB5-7E20D487253B}.Release|x64.ActiveCfg = Release|x64
		{B9F24034-17CF-45D7-8EB5-7E20D487253B}.Release|x64.Build.0 = Release|x64
		{B9F24034-17CF-45D7-8EB5-7E20D487253B}.Release|x86.ActiveCfg = Release|Win32
		{B9F24034-17CF-45D7-8EB5-7E20D487253B}.Release|x86.Build.0 = Release|Win32
		{1CEF1139-F267-4F6D-97B9-89D13ADA1A71}.Debug|x64.ActiveCfg = Debug|x64
		{1CEF1139-F267-4F6D-97B9-89D13ADA1A71}.Debug|x64.Build.0 = Debug|x64
		{1CEF1139-F267-4F6D-97B9-89D13ADA1A71}.Debug|x86.ActiveCfg = Debug|Win32
		{1CEF1139-F267-4F6D-97B9-89D13ADA1A71}.Debug|x86.Build.0 = Debug|Win32
		{1CEF1139-F267-4F6D-97B9-89D13ADA1A71}.Release|x64.ActiveCfg = Release|x64
		{1CEF1139-F267-4F6D-97B9-89D13ADA1A71}.Release|x64.Build.0 = Release|x64
		{1CEF1139-F267-4F6D-97B9-89D13ADA1A71}.Release|x86.ActiveCfg = Release|Win32
		{1CEF1139-F267-4F6D-97B9-89D13ADA1A71}.Release|x86.Build.0 = Release|Win32
	EndGlobalSection
	GlobalSection(SolutionProperties) = preSolution
		HideSolutionNode = FALSE
	EndGlobalSection
	GlobalSection(ExtensibilityGlobals) = postSolution
		SolutionGuid = {7EC0BE3A-8166-46D1-AEF9-93089369BA18}
	EndGlobalSection
EndGlobal
